
Microsoft Visual Studio Solution File, Format Version 12.00
# Visual Studio Version 16
VisualStudioVersion = 16.0.29609.76
MinimumVisualStudioVersion = 10.0.40219.1
Project("{FAE04EC0-301F-11D3-BF4B-00C04F79EFBC}") = "HelloWorld", "HelloWorld\HelloWorld.csproj", "{6F30C009-1DAD-41B4-A878-FF785FBAD425}"
EndProject
Global
	GlobalSection(SolutionConfigurationPlatforms) = preSolution
		Debug|Any CPU = Debug|Any CPU
		Release|Any CPU = Release|Any CPU
	EndGlobalSection
	GlobalSection(ProjectConfigurationPlatforms) = postSolution
		{6F30C009-1DAD-41B4-A878-FF785FBAD425}.Debug|Any CPU.ActiveCfg = Debug|Any CPU
		{6F30C009-1DAD-41B4-A878-FF785FBAD425}.Debug|Any CPU.Build.0 = Debug|Any CPU
		{6F30C009-1DAD-41B4-A878-FF785FBAD425}.Release|Any CPU.ActiveCfg = Release|Any CPU
		{6F30C009-1DAD-41B4-A878-FF785FBAD425}.Release|Any CPU.Build.0 = Release|Any CPU
	EndGlobalSection
	GlobalSection(SolutionProperties) = preSolution
		HideSolutionNode = FALSE
	EndGlobalSection
	GlobalSection(ExtensibilityGlobals) = postSolution
		SolutionGuid = {ADFA99F1-30DF-4DB4-9389-CD67F0F3DEB4}
	EndGlobalSection
EndGlobal
